
Microsoft Visual Studio Solution File, Format Version 12.00
# Visual Studio Version 16
VisualStudioVersion = 16.0.30114.105
MinimumVisualStudioVersion = 10.0.40219.1
Project("{FAE04EC0-301F-11D3-BF4B-00C04F79EFBC}") = "Bytbank.Modelos", "Bytbank.Modelos\Bytbank.Modelos.csproj", "{28613051-576A-4F66-AD6A-04C7F22A05BC}"
EndProject
Global
	GlobalSection(SolutionConfigurationPlatforms) = preSolution
		Debug|Any CPU = Debug|Any CPU
		Release|Any CPU = Release|Any CPU
	EndGlobalSection
	GlobalSection(SolutionProperties) = preSolution
		HideSolutionNode = FALSE
	EndGlobalSection
	GlobalSection(ProjectConfigurationPlatforms) = postSolution
		{28613051-576A-4F66-AD6A-04C7F22A05BC}.Debug|Any CPU.ActiveCfg = Debug|Any CPU
		{28613051-576A-4F66-AD6A-04C7F22A05BC}.Debug|Any CPU.Build.0 = Debug|Any CPU
		{28613051-576A-4F66-AD6A-04C7F22A05BC}.Release|Any CPU.ActiveCfg = Release|Any CPU
		{28613051-576A-4F66-AD6A-04C7F22A05BC}.Release|Any CPU.Build.0 = Release|Any CPU
	EndGlobalSection
EndGlobal
